
Microsoft Visual Studio Solution File, Format Version 12.00
# Visual Studio Version 16
VisualStudioVersion = 16.0.29920.165
MinimumVisualStudioVersion = 10.0.40219.1
Project("{FAE04EC0-301F-11D3-BF4B-00C04F79EFBC}") = "OracleCore3EF64Sample", "OracleCore3EF64Sample.csproj", "{4711FA27-CFC7-4AB6-9B7F-F010D3BE7080}"
EndProject
Global
	GlobalSection(SolutionConfigurationPlatforms) = preSolution
		Debug|Any CPU = Debug|Any CPU
		Release|Any CPU = Release|Any CPU
	EndGlobalSection
	GlobalSection(ProjectConfigurationPlatforms) = postSolution
		{4711FA27-CFC7-4AB6-9B7F-F010D3BE7080}.Debug|Any CPU.ActiveCfg = Debug|Any CPU
		{4711FA27-CFC7-4AB6-9B7F-F010D3BE7080}.Debug|Any CPU.Build.0 = Debug|Any CPU
		{4711FA27-CFC7-4AB6-9B7F-F010D3BE7080}.Release|Any CPU.ActiveCfg = Release|Any CPU
		{4711FA27-CFC7-4AB6-9B7F-F010D3BE7080}.Release|Any CPU.Build.0 = Release|Any CPU
	EndGlobalSection
	GlobalSection(SolutionProperties) = preSolution
		HideSolutionNode = FALSE
	EndGlobalSection
	GlobalSection(ExtensibilityGlobals) = postSolution
		SolutionGuid = {D7DCA0E1-4467-4069-A701-82EE42E1444B}
	EndGlobalSection
EndGlobal
